{
  "name": "sum_proj",
  "version": "1.0.1",
  "lockfileVersion": 3,
  "requires": true,
  "packages": {
    "": {
      "name": "sum_proj",
      "version": "1.0.1",
      "license": "MIT",
      "dependencies": {
        "4medv": "^1.0.1",
        "chumdaunao100": "^1.0.1",
        "lodash": "^4.17.21",
        "nothingvss": "^1.0.1",
        "nt7502": "^1.0.1",
        "ttd5526": "^1.0.1",
        "ttdvs": "^1.0.1",
        "ttdvsss": "^1.0.1"
      }
    },
    "node_modules/4medv": {
      "version": "1.0.1",
      "resolved": "https://registry.npmjs.org/4medv/-/4medv-1.0.1.tgz",
      "integrity": "sha512-BLKGVJ6dDk3hCr+XKaNI/0ILTG6SL6PzTPSMpCpyPI4ltosoetLTegSL+yv4UYsl83hTDADZc7PM55v1GknpAQ==",
      "dependencies": {
        "lodash": "^4.17.21",
        "proj_tea": "^1.0.1",
        "sum-huukhoa": "^1.0.3"
      }
    },
    "node_modules/are-arrays": {
      "version": "1.0.0",
      "resolved": "https://registry.npmjs.org/are-arrays/-/are-arrays-1.0.0.tgz",
      "integrity": "sha512-J20yqHl8GipCnZbxiFALyO+AF1SDcdcVRHxngPkaxnQ6P//s5uElNG78Nh7keb/IujBIsyO2Bm4MGJFZnwdHtA=="
    },
    "node_modules/are-objects": {
      "version": "1.0.0",
      "resolved": "https://registry.npmjs.org/are-objects/-/are-objects-1.0.0.tgz",
      "integrity": "sha512-hpqIUuCSYK0dCIe4ZgGgE6M3DVN8HcfCcQY0ouzobi8mU7kKy+PNYwF1N/PsAm+PCamnJftkWWYfrxJR3b683w=="
    },
    "node_modules/chumdaunao100": {
      "version": "1.0.1",
      "resolved": "https://registry.npmjs.org/chumdaunao100/-/chumdaunao100-1.0.1.tgz",
      "integrity": "sha512-tDjfCYn7S10dTmNNwJX6dNyTucvFBRirsQW3GbZ4avnI2yz5r04Xx0JXpKp/1qIWanS44jASIeQkw9NZPL8e5Q=="
    },
    "node_modules/lodash": {
      "version": "4.17.21",
      "resolved": "https://registry.npmjs.org/lodash/-/lodash-4.17.21.tgz",
      "integrity": "sha512-v2kDEe57lecTulaDIuNTPy3Ry4gLGJ6Z1O3vE1krgXZNrsQ+LFTGHVxVjcXPs17LhbZVGedAJv8XZ1tvj5FvSg=="
    },
    "node_modules/nothingvss": {
      "version": "1.0.1",
      "resolved": "https://registry.npmjs.org/nothingvss/-/nothingvss-1.0.1.tgz",
      "integrity": "sha512-TDsUzUrxzTbilFXnQAvP7Q3UcQVewHlCJW7/1obzhTPEZ7Uc0vWMPAuOn8QCjwQDHKd5EZ35OLXLRAkgqk6wiQ=="
    },
    "node_modules/nt7502": {
      "version": "1.0.1",
      "resolved": "https://registry.npmjs.org/nt7502/-/nt7502-1.0.1.tgz",
      "integrity": "sha512-6q31UELkg+UwOh/WfW0JK9CFGScnIqVQNsWg7Pqx0q9jYQkbdthtBuOw4gXODbI1ew6oDGB3bw9rOu3ZHp916A=="
    },
    "node_modules/proj_tea": {
      "version": "1.0.1",
      "resolved": "https://registry.npmjs.org/proj_tea/-/proj_tea-1.0.1.tgz",
      "integrity": "sha512-MC5efqPxG/AlAwBt8yW6SHtUreJEPHkTgQ6Ysotm2djToXXjX2RvZsRJBAmD2dMmRz2LWq2N//1SMFhXjKlmyw==",
      "dependencies": {
        "lodash": "^4.17.21",
        "ttdvsss": "^1.0.1"
      }
    },
    "node_modules/sum-huukhoa": {
      "version": "1.0.3",
      "resolved": "https://registry.npmjs.org/sum-huukhoa/-/sum-huukhoa-1.0.3.tgz",
      "integrity": "sha512-QFwzSNDcUj5z9zw3SAMoqY15i/SKLVF/YQs+3rrwKoBqclQ7kgs6LAse36ZBMiJ3uC5OkebJJHvXBzxCsyu3dQ==",
      "deprecated": "This project has been renamed. Install using my-new-thing instead.",
      "dependencies": {
        "are-arrays": "^1.0.0",
        "are-objects": "^1.0.0"
      }
    },
    "node_modules/ttd5526": {
      "version": "1.0.1",
      "resolved": "https://registry.npmjs.org/ttd5526/-/ttd5526-1.0.1.tgz",
      "integrity": "sha512-K6IwhFCFOZeWB2J619IsUBIhciMtQ20ugWU9B+BEHPrwb8ntB5uLaZFilE6g5CzTgfj+TBYp+x2ktFWIKqcGRw=="
    },
    "node_modules/ttdvs": {
      "version": "1.0.1",
      "resolved": "https://registry.npmjs.org/ttdvs/-/ttdvs-1.0.1.tgz",
      "integrity": "sha512-iDUqC4h0+YvWkt+j7A0ya9PeCpanDZnE+8rKlRq37Xj8zyD0Q5VYOrk96MP8iAngFVATIsKt2DT7GZ3aUcSyMw=="
    },
    "node_modules/ttdvsss": {
      "version": "1.0.2",
      "resolved": "https://registry.npmjs.org/ttdvsss/-/ttdvsss-1.0.2.tgz",
      "integrity": "sha512-FAtlSvD40rRSkz6YTYz97QNrqtmQGr718ka23uHzphr8RQTCcc8kYUaVm0R4TZxE+dLg4fJxc5qdjLZOyzbHXg==",
      "dependencies": {
        "lodash": "^4.17.21",
        "sum-huukhoa": "^1.0.3"
      }
    }
  }
}
