{
  "name": "chumdaunao100",
  "version": "1.0.1",
  "lockfileVersion": 3,
  "requires": true,
  "packages": {
    "": {
      "name": "chumdaunao100",
      "version": "1.0.1",
      "license": "MIT",
      "dependencies": {
        "nt7502": "^1.0.1",
        "ttd5526": "^1.0.1"
      }
    },
    "node_modules/nt7502": {
      "version": "1.0.1",
      "resolved": "https://registry.npmjs.org/nt7502/-/nt7502-1.0.1.tgz",
      "integrity": "sha512-6q31UELkg+UwOh/WfW0JK9CFGScnIqVQNsWg7Pqx0q9jYQkbdthtBuOw4gXODbI1ew6oDGB3bw9rOu3ZHp916A=="
    },
    "node_modules/ttd5526": {
      "version": "1.0.1",
      "resolved": "https://registry.npmjs.org/ttd5526/-/ttd5526-1.0.1.tgz",
      "integrity": "sha512-K6IwhFCFOZeWB2J619IsUBIhciMtQ20ugWU9B+BEHPrwb8ntB5uLaZFilE6g5CzTgfj+TBYp+x2ktFWIKqcGRw=="
    }
  }
}
